# This file was generated by Aiken
# You typically do not need to edit this file

[[requirements]]
name = "aiken-lang/stdlib"
version = "1.7.0"
source = "github"

[[requirements]]
name = "aiken-extra/auxlib"
version = "2.170.202312"
source = "github"

[[requirements]]
name = "aiken-extra/string_util"
version = "3.170.202312"
source = "github"

[[requirements]]
name = "aiken-extra/time_util"
version = "5.170.202312"
source = "github"

[[requirements]]
name = "aiken-extra/tx_util"
version = "1.170.202403"
source = "github"

[[packages]]
name = "aiken-lang/stdlib"
version = "1.7.0"
requirements = []
source = "github"

[[packages]]
name = "aiken-extra/auxlib"
version = "2.170.202312"
requirements = []
source = "github"

[[packages]]
name = "aiken-extra/string_util"
version = "3.170.202312"
requirements = []
source = "github"

[[packages]]
name = "aiken-extra/time_util"
version = "5.170.202312"
requirements = []
source = "github"

[[packages]]
name = "aiken-extra/tx_util"
version = "1.170.202403"
requirements = []
source = "github"

[etags]
