# This file was generated by Aiken
# You typically do not need to edit this file

[[requirements]]
name = "aiken-lang/stdlib"
version = "1.4.0"
source = "github"

[[requirements]]
name = "aiken-extra/string_util"
version = "2.140.1013-alpha"
source = "github"

[[requirements]]
name = "aiken-extra/time_util"
version = "5.140.1013-alpha"
source = "github"

[[requirements]]
name = "aiken-extra/tx_util"
version = "1.140.1013-alpha"
source = "github"

[[packages]]
name = "aiken-lang/stdlib"
version = "1.4.0"
requirements = []
source = "github"

[[packages]]
name = "aiken-extra/string_util"
version = "2.140.1013-alpha"
requirements = []
source = "github"

[[packages]]
name = "aiken-extra/time_util"
version = "5.140.1013-alpha"
requirements = []
source = "github"

[[packages]]
name = "aiken-extra/tx_util"
version = "1.140.1013-alpha"
requirements = []
source = "github"
